{
	"name": "@dlw-mse/main",
	"version": "1.0.0",
	"lockfileVersion": 1,
	"requires": true,
	"dependencies": {
		"@azure/msal-browser": {
			"version": "2.24.0",
			"resolved": "https://registry.npmjs.org/@azure/msal-browser/-/msal-browser-2.24.0.tgz",
			"integrity": "sha512-P4Z8mQ6hTuA9ss3HCltso7fRmuX1raaU6444G35c0FhaD6hfqViFYRa7hk16AiAs9HkUQHbBaL3gLjKMpX3heA==",
			"requires": {
				"@azure/msal-common": "^6.3.0"
			}
		},
		"@azure/msal-common": {
			"version": "6.3.0",
			"resolved": "https://registry.npmjs.org/@azure/msal-common/-/msal-common-6.3.0.tgz",
			"integrity": "sha512-ZyLq9GdnLBi/83YpysE86TFKbA0TuvfNAN5Psqu20cdAjLo/4rw4ttiItdh1G//XeGErHk9qn57gi2AYU1b5/Q=="
		},
		"@babel/runtime": {
			"version": "7.18.3",
			"resolved": "https://registry.npmjs.org/@babel/runtime/-/runtime-7.18.3.tgz",
			"integrity": "sha512-38Y8f7YUhce/K7RMwTp7m0uCumpv9hZkitCbBClqQIow1qSbCvGkcegKOXpEWCQLfWmevgRiWokZ1GkpfhbZug==",
			"requires": {
				"regenerator-runtime": "^0.13.4"
			}
		},
		"@cspotcode/source-map-consumer": {
			"version": "0.8.0",
			"resolved": "https://registry.npmjs.org/@cspotcode/source-map-consumer/-/source-map-consumer-0.8.0.tgz",
			"integrity": "sha512-41qniHzTU8yAGbCp04ohlmSrZf8bkf/iJsl3V0dRGsQN/5GFfx+LbCSsCpp2gqrqjTVg/K6O8ycoV35JIwAzAg==",
			"dev": true
		},
		"@cspotcode/source-map-support": {
			"version": "0.7.0",
			"resolved": "https://registry.npmjs.org/@cspotcode/source-map-support/-/source-map-support-0.7.0.tgz",
			"integrity": "sha512-X4xqRHqN8ACt2aHVe51OxeA2HjbcL4MqFqXkrmQszJ1NOUuUu5u6Vqx/0lZSVNku7velL5FC/s5uEAj1lsBMhA==",
			"dev": true,
			"requires": {
				"@cspotcode/source-map-consumer": "0.8.0"
			}
		},
		"@fluentui/date-time-utilities": {
			"version": "7.9.1",
			"resolved": "https://registry.npmjs.org/@fluentui/date-time-utilities/-/date-time-utilities-7.9.1.tgz",
			"integrity": "sha512-o8iU1VIY+QsqVRWARKiky29fh4KR1xaKSgMClXIi65qkt8EDDhjmlzL0KVDEoDA2GWukwb/1PpaVCWDg4v3cUQ==",
			"dev": true,
			"requires": {
				"@uifabric/set-version": "^7.0.24",
				"tslib": "^1.10.0"
			},
			"dependencies": {
				"tslib": {
					"version": "1.14.1",
					"resolved": "https://registry.npmjs.org/tslib/-/tslib-1.14.1.tgz",
					"integrity": "sha512-Xni35NKzjgMrwevysHTCArtLDpPvye8zV/0E4EyYn43P7/7qvQwPh9BGkHewbMulVntbigmcT7rdX3BNo9wRJg==",
					"dev": true
				}
			}
		},
		"@fluentui/dom-utilities": {
			"version": "1.1.2",
			"resolved": "https://registry.npmjs.org/@fluentui/dom-utilities/-/dom-utilities-1.1.2.tgz",
			"integrity": "sha512-XqPS7l3YoMwxdNlaYF6S2Mp0K3FmVIOIy2K3YkMc+eRxu9wFK6emr2Q/3rBhtG5u/On37NExRT7/5CTLnoi9gw==",
			"dev": true,
			"requires": {
				"@uifabric/set-version": "^7.0.24",
				"tslib": "^1.10.0"
			},
			"dependencies": {
				"tslib": {
					"version": "1.14.1",
					"resolved": "https://registry.npmjs.org/tslib/-/tslib-1.14.1.tgz",
					"integrity": "sha512-Xni35NKzjgMrwevysHTCArtLDpPvye8zV/0E4EyYn43P7/7qvQwPh9BGkHewbMulVntbigmcT7rdX3BNo9wRJg==",
					"dev": true
				}
			}
		},
		"@fluentui/keyboard-key": {
			"version": "0.2.17",
			"resolved": "https://registry.npmjs.org/@fluentui/keyboard-key/-/keyboard-key-0.2.17.tgz",
			"integrity": "sha512-iT1bU56rKrKEOfODoW6fScY11qj3iaYrZ+z11T6fo5+TDm84UGkkXjLXJTE57ZJzg0/gbccHQWYv+chY7bJN8Q==",
			"dev": true,
			"requires": {
				"tslib": "^1.10.0"
			},
			"dependencies": {
				"tslib": {
					"version": "1.14.1",
					"resolved": "https://registry.npmjs.org/tslib/-/tslib-1.14.1.tgz",
					"integrity": "sha512-Xni35NKzjgMrwevysHTCArtLDpPvye8zV/0E4EyYn43P7/7qvQwPh9BGkHewbMulVntbigmcT7rdX3BNo9wRJg==",
					"dev": true
				}
			}
		},
		"@fluentui/react-focus": {
			"version": "7.18.4",
			"resolved": "https://registry.npmjs.org/@fluentui/react-focus/-/react-focus-7.18.4.tgz",
			"integrity": "sha512-9TqpaHHGB6QUK/SN3H4IdAnkI2T0VVLIPsC+J7tB3Zlw5G4nFYbYFL9N5b+HzkH4NCKW7ad11EHn7vafyF52+w==",
			"dev": true,
			"requires": {
				"@fluentui/keyboard-key": "^0.2.12",
				"@uifabric/merge-styles": "^7.19.2",
				"@uifabric/set-version": "^7.0.24",
				"@uifabric/styling": "^7.20.2",
				"@uifabric/utilities": "^7.34.1",
				"tslib": "^1.10.0"
			},
			"dependencies": {
				"tslib": {
					"version": "1.14.1",
					"resolved": "https://registry.npmjs.org/tslib/-/tslib-1.14.1.tgz",
					"integrity": "sha512-Xni35NKzjgMrwevysHTCArtLDpPvye8zV/0E4EyYn43P7/7qvQwPh9BGkHewbMulVntbigmcT7rdX3BNo9wRJg==",
					"dev": true
				}
			}
		},
		"@fluentui/react-window-provider": {
			"version": "1.0.3",
			"resolved": "https://registry.npmjs.org/@fluentui/react-window-provider/-/react-window-provider-1.0.3.tgz",
			"integrity": "sha512-nFFhYlEWDSklAFjw87hQuOO5ZQP8or4J12ZJ7Glf+pcifRl0AySBshuGTJsTyZ0QyzgIeQYGSYf6wcPtycS0aA==",
			"dev": true,
			"requires": {
				"@uifabric/set-version": "^7.0.24",
				"tslib": "^1.10.0"
			},
			"dependencies": {
				"tslib": {
					"version": "1.14.1",
					"resolved": "https://registry.npmjs.org/tslib/-/tslib-1.14.1.tgz",
					"integrity": "sha512-Xni35NKzjgMrwevysHTCArtLDpPvye8zV/0E4EyYn43P7/7qvQwPh9BGkHewbMulVntbigmcT7rdX3BNo9wRJg==",
					"dev": true
				}
			}
		},
		"@fluentui/theme": {
			"version": "1.7.6",
			"resolved": "https://registry.npmjs.org/@fluentui/theme/-/theme-1.7.6.tgz",
			"integrity": "sha512-AcQSs3MpCxl63HE/4iJMwNVvPB6e0evvMMvELSK1sro199j1t14WSwTPwTHYsBeBxdX3mH9NixrB02tzXgJK6A==",
			"dev": true,
			"requires": {
				"@uifabric/merge-styles": "^7.19.2",
				"@uifabric/set-version": "^7.0.24",
				"@uifabric/utilities": "^7.34.1",
				"tslib": "^1.10.0"
			},
			"dependencies": {
				"tslib": {
					"version": "1.14.1",
					"resolved": "https://registry.npmjs.org/tslib/-/tslib-1.14.1.tgz",
					"integrity": "sha512-Xni35NKzjgMrwevysHTCArtLDpPvye8zV/0E4EyYn43P7/7qvQwPh9BGkHewbMulVntbigmcT7rdX3BNo9wRJg==",
					"dev": true
				}
			}
		},
		"@fluentui/web-components": {
			"version": "0.22.1",
			"resolved": "https://registry.npmjs.org/@fluentui/web-components/-/web-components-0.22.1.tgz",
			"integrity": "sha512-dnMgBRC2vXPa8Br2DpoJG9Fj+WNDlOEtJPzXDiDZss3ddnhsd1djzOEaHoYWayqYumA6ZU2tet5qaqF2i2lqOQ==",
			"requires": {
				"@microsoft/fast-colors": "^5.1.0",
				"@microsoft/fast-element": "^1.0.0",
				"@microsoft/fast-foundation": "^1.16.0",
				"lodash-es": "^4.17.20",
				"tslib": "^1.13.0"
			},
			"dependencies": {
				"tslib": {
					"version": "1.14.1",
					"resolved": "https://registry.npmjs.org/tslib/-/tslib-1.14.1.tgz",
					"integrity": "sha512-Xni35NKzjgMrwevysHTCArtLDpPvye8zV/0E4EyYn43P7/7qvQwPh9BGkHewbMulVntbigmcT7rdX3BNo9wRJg=="
				}
			}
		},
		"@microsoft/fast-colors": {
			"version": "5.3.0",
			"resolved": "https://registry.npmjs.org/@microsoft/fast-colors/-/fast-colors-5.3.0.tgz",
			"integrity": "sha512-MtuVlnvoirgc3cyEGzkDdv+zlEt0dEm7y3HaBqoOYwti5OVROi7x99Kbn/cWGlqF13+a/TEX6L8IkYW0/LT7Yw=="
		},
		"@microsoft/fast-element": {
			"version": "1.10.2",
			"resolved": "https://registry.npmjs.org/@microsoft/fast-element/-/fast-element-1.10.2.tgz",
			"integrity": "sha512-Nh80AEx/caDe4jhFYNT75sTG4k6MWy1N6XfgyhmejAX0ylivYy0M78WI2JgQOqi2ZRozCiNcpAPLVhYyAVN9sA=="
		},
		"@microsoft/fast-foundation": {
			"version": "1.24.8",
			"resolved": "https://registry.npmjs.org/@microsoft/fast-foundation/-/fast-foundation-1.24.8.tgz",
			"integrity": "sha512-n4O9jPh8BBliF/Yl9FAVhrSoopsRCnva2L432s/fHwLelY9WUeswjO3DidVBFbzXD5u/gzC4LGWJScNe/ZGU4Q==",
			"requires": {
				"@microsoft/fast-element": "^1.4.0",
				"@microsoft/fast-web-utilities": "^4.8.0",
				"@microsoft/tsdoc-config": "^0.13.4",
				"tabbable": "^5.2.0",
				"tslib": "^1.13.0"
			},
			"dependencies": {
				"tslib": {
					"version": "1.14.1",
					"resolved": "https://registry.npmjs.org/tslib/-/tslib-1.14.1.tgz",
					"integrity": "sha512-Xni35NKzjgMrwevysHTCArtLDpPvye8zV/0E4EyYn43P7/7qvQwPh9BGkHewbMulVntbigmcT7rdX3BNo9wRJg=="
				}
			}
		},
		"@microsoft/fast-web-utilities": {
			"version": "4.8.1",
			"resolved": "https://registry.npmjs.org/@microsoft/fast-web-utilities/-/fast-web-utilities-4.8.1.tgz",
			"integrity": "sha512-P3xeyUwQ9nPkFrgAdmkOzaXxIq8YqMU5K+LXcoHgJddJCBCKfGWW9OZQOTigLddItTyVyfO8qsJpDQb1TskKHA==",
			"requires": {
				"exenv-es6": "^1.0.0"
			}
		},
		"@microsoft/load-themed-styles": {
			"version": "1.10.267",
			"resolved": "https://registry.npmjs.org/@microsoft/load-themed-styles/-/load-themed-styles-1.10.267.tgz",
			"integrity": "sha512-KlmENglyBXXtPfou+1kUtSIHZHmJrmDHYMvTXe82Ibucv+bpFg3xt3qd6UnqqwtaIM3SA+nKu8AhaL9FX6uk4A==",
			"dev": true
		},
		"@microsoft/mgt-components": {
			"version": "2.5.2",
			"resolved": "https://registry.npmjs.org/@microsoft/mgt-components/-/mgt-components-2.5.2.tgz",
			"integrity": "sha512-G/ebs+f2KaNUFOPwVvLN8Mbrf3GiVvZ+HW2PgEz+Gv6wGPz4TEfC0jLLPhxqbdaRitip+pLPEG879XzUhosTeA==",
			"requires": {
				"@fluentui/web-components": "0.22.1",
				"@microsoft/mgt-element": "2.5.2",
				"@microsoft/microsoft-graph-client": "^2.2.1",
				"@microsoft/microsoft-graph-types": "^2.0.0",
				"@microsoft/microsoft-graph-types-beta": "^0.16.0-preview",
				"office-ui-fabric-core": "11.0.0"
			}
		},
		"@microsoft/mgt-element": {
			"version": "2.5.2",
			"resolved": "https://registry.npmjs.org/@microsoft/mgt-element/-/mgt-element-2.5.2.tgz",
			"integrity": "sha512-VP5HS+f8SUUtr/GwbsfQOb5LPmGdndtgTGtBUgiEZY9ZtqyqDKR7aoZ2jfvIatlCapCz3fpD11YvyRcp7R9J1g==",
			"requires": {
				"@microsoft/microsoft-graph-client": "^2.2.1",
				"idb": "6.0.0",
				"lit-element": "^2.4.0"
			}
		},
		"@microsoft/mgt-msal2-provider": {
			"version": "2.5.2",
			"resolved": "https://registry.npmjs.org/@microsoft/mgt-msal2-provider/-/mgt-msal2-provider-2.5.2.tgz",
			"integrity": "sha512-FVV7Qhu5asrY3OPLF7h7BXo1rII+XYTE2ZQC0GrJfpRYLPgnx1m4psg59NQEaiuPCQ756E4MCpSt+XCdE+m66Q==",
			"requires": {
				"@azure/msal-browser": "^2.22.0",
				"@microsoft/mgt-element": "2.5.2",
				"@microsoft/microsoft-graph-client": "^2.2.1"
			}
		},
		"@microsoft/mgt-teams-msal2-provider": {
			"version": "2.5.2",
			"resolved": "https://registry.npmjs.org/@microsoft/mgt-teams-msal2-provider/-/mgt-teams-msal2-provider-2.5.2.tgz",
			"integrity": "sha512-j2B68NbF6tcAXB+riwmCrNPeXip6l7m9gAIM3LU2sYyIlYU+tTuAA2BIiUv/zSHsK2cn0M+oySEa2KP/aZHhWQ==",
			"requires": {
				"@azure/msal-browser": "^2.22.0",
				"@microsoft/mgt-element": "2.5.2",
				"@microsoft/mgt-msal2-provider": "2.5.2",
				"@microsoft/microsoft-graph-client": "^2.2.1"
			}
		},
		"@microsoft/microsoft-graph-client": {
			"version": "2.2.1",
			"resolved": "https://registry.npmjs.org/@microsoft/microsoft-graph-client/-/microsoft-graph-client-2.2.1.tgz",
			"integrity": "sha512-fbDN3UJ+jtSP9llAejqmslMcv498YuIrS3OS/Luivb8OSjdUESZKdP0gcUunnuNIayePVT0/bGYSJTzAIptJQQ==",
			"requires": {
				"@babel/runtime": "^7.4.4",
				"msal": "^1.4.4",
				"tslib": "^1.9.3"
			},
			"dependencies": {
				"tslib": {
					"version": "1.14.1",
					"resolved": "https://registry.npmjs.org/tslib/-/tslib-1.14.1.tgz",
					"integrity": "sha512-Xni35NKzjgMrwevysHTCArtLDpPvye8zV/0E4EyYn43P7/7qvQwPh9BGkHewbMulVntbigmcT7rdX3BNo9wRJg=="
				}
			}
		},
		"@microsoft/microsoft-graph-types": {
			"version": "2.20.0",
			"resolved": "https://registry.npmjs.org/@microsoft/microsoft-graph-types/-/microsoft-graph-types-2.20.0.tgz",
			"integrity": "sha512-T1EPoYdH4124Rg+h261dvW2qAeSRAotHM/6lv10fDsYX4DWsppvresmfhGbPrLApK/lRTRj93bn4/Nwwmdv4Zg=="
		},
		"@microsoft/microsoft-graph-types-beta": {
			"version": "0.16.0-preview",
			"resolved": "https://registry.npmjs.org/@microsoft/microsoft-graph-types-beta/-/microsoft-graph-types-beta-0.16.0-preview.tgz",
			"integrity": "sha512-73d1b8pv8YnKx+oiQtMZDSey4ohmx/cfM/vFiAa5ZyLSj4nr9y/7wIT5jTIO+tkdniyBsfN/QQeDiRwyutcxAQ=="
		},
		"@microsoft/teams-js": {
			"version": "2.0.0",
			"resolved": "https://registry.npmjs.org/@microsoft/teams-js/-/teams-js-2.0.0.tgz",
			"integrity": "sha512-13Mag9MkUplbZxK1qu55r8YSNkuOpmmZuha7P8Z26ef5ZnrYm9PM3JCoWgDvBqILxWF2e1Yo/5V2Ic9yD9rU0Q==",
			"requires": {
				"debug": "4.3.3"
			}
		},
		"@microsoft/tsdoc": {
			"version": "0.12.24",
			"resolved": "https://registry.npmjs.org/@microsoft/tsdoc/-/tsdoc-0.12.24.tgz",
			"integrity": "sha512-Mfmij13RUTmHEMi9vRUhMXD7rnGR2VvxeNYtaGtaJ4redwwjT4UXYJ+nzmVJF7hhd4pn/Fx5sncDKxMVFJSWPg=="
		},
		"@microsoft/tsdoc-config": {
			"version": "0.13.9",
			"resolved": "https://registry.npmjs.org/@microsoft/tsdoc-config/-/tsdoc-config-0.13.9.tgz",
			"integrity": "sha512-VqqZn+rT9f6XujFPFR2aN9XKF/fuir/IzKVzoxI0vXIzxysp4ee6S2jCakmlGFHEasibifFTsJr7IYmRPxfzYw==",
			"requires": {
				"@microsoft/tsdoc": "0.12.24",
				"ajv": "~6.12.6",
				"jju": "~1.4.0",
				"resolve": "~1.19.0"
			}
		},
		"@tsconfig/node10": {
			"version": "1.0.8",
			"resolved": "https://registry.npmjs.org/@tsconfig/node10/-/node10-1.0.8.tgz",
			"integrity": "sha512-6XFfSQmMgq0CFLY1MslA/CPUfhIL919M1rMsa5lP2P097N2Wd1sSX0tx1u4olM16fLNhtHZpRhedZJphNJqmZg==",
			"dev": true
		},
		"@tsconfig/node12": {
			"version": "1.0.9",
			"resolved": "https://registry.npmjs.org/@tsconfig/node12/-/node12-1.0.9.tgz",
			"integrity": "sha512-/yBMcem+fbvhSREH+s14YJi18sp7J9jpuhYByADT2rypfajMZZN4WQ6zBGgBKp53NKmqI36wFYDb3yaMPurITw==",
			"dev": true
		},
		"@tsconfig/node14": {
			"version": "1.0.1",
			"resolved": "https://registry.npmjs.org/@tsconfig/node14/-/node14-1.0.1.tgz",
			"integrity": "sha512-509r2+yARFfHHE7T6Puu2jjkoycftovhXRqW328PDXTVGKihlb1P8Z9mMZH04ebyajfRY7dedfGynlrFHJUQCg==",
			"dev": true
		},
		"@tsconfig/node16": {
			"version": "1.0.2",
			"resolved": "https://registry.npmjs.org/@tsconfig/node16/-/node16-1.0.2.tgz",
			"integrity": "sha512-eZxlbI8GZscaGS7kkc/trHTT5xgrjH3/1n2JDwusC9iahPKWMRvRjJSAN5mCXviuTGQ/lHnhvv8Q1YTpnfz9gA==",
			"dev": true
		},
		"@uifabric/foundation": {
			"version": "7.10.3",
			"resolved": "https://registry.npmjs.org/@uifabric/foundation/-/foundation-7.10.3.tgz",
			"integrity": "sha512-ZP1tISpinWZHxQunqUwMWs2imX7/osOYgokSZhWzcAWMCC3TOwiU5w7oAXcKsIpMkPxI13ivac5S66qDad+IwA==",
			"dev": true,
			"requires": {
				"@uifabric/merge-styles": "^7.19.2",
				"@uifabric/set-version": "^7.0.24",
				"@uifabric/styling": "^7.20.2",
				"@uifabric/utilities": "^7.34.1",
				"tslib": "^1.10.0"
			},
			"dependencies": {
				"tslib": {
					"version": "1.14.1",
					"resolved": "https://registry.npmjs.org/tslib/-/tslib-1.14.1.tgz",
					"integrity": "sha512-Xni35NKzjgMrwevysHTCArtLDpPvye8zV/0E4EyYn43P7/7qvQwPh9BGkHewbMulVntbigmcT7rdX3BNo9wRJg==",
					"dev": true
				}
			}
		},
		"@uifabric/icons": {
			"version": "7.7.2",
			"resolved": "https://registry.npmjs.org/@uifabric/icons/-/icons-7.7.2.tgz",
			"integrity": "sha512-3f223BZ5TXTF37J7lG+saGBY7U8vAi5HyMP58ccIoUafOj5551h5sovPFD/hVIYzYFhvT+/VpbUzF3vw+RARHA==",
			"dev": true,
			"requires": {
				"@uifabric/set-version": "^7.0.24",
				"@uifabric/styling": "^7.20.2",
				"@uifabric/utilities": "^7.34.1",
				"tslib": "^1.10.0"
			},
			"dependencies": {
				"tslib": {
					"version": "1.14.1",
					"resolved": "https://registry.npmjs.org/tslib/-/tslib-1.14.1.tgz",
					"integrity": "sha512-Xni35NKzjgMrwevysHTCArtLDpPvye8zV/0E4EyYn43P7/7qvQwPh9BGkHewbMulVntbigmcT7rdX3BNo9wRJg==",
					"dev": true
				}
			}
		},
		"@uifabric/merge-styles": {
			"version": "7.19.2",
			"resolved": "https://registry.npmjs.org/@uifabric/merge-styles/-/merge-styles-7.19.2.tgz",
			"integrity": "sha512-kTlhwglDqwVgIaJq+0yXgzi65plGhmFcPrfme/rXUGMJZoU+qlGT5jXj5d3kuI59p6VB8jWEg9DAxHozhYeu0g==",
			"dev": true,
			"requires": {
				"@uifabric/set-version": "^7.0.24",
				"tslib": "^1.10.0"
			},
			"dependencies": {
				"tslib": {
					"version": "1.14.1",
					"resolved": "https://registry.npmjs.org/tslib/-/tslib-1.14.1.tgz",
					"integrity": "sha512-Xni35NKzjgMrwevysHTCArtLDpPvye8zV/0E4EyYn43P7/7qvQwPh9BGkHewbMulVntbigmcT7rdX3BNo9wRJg==",
					"dev": true
				}
			}
		},
		"@uifabric/react-hooks": {
			"version": "7.14.2",
			"resolved": "https://registry.npmjs.org/@uifabric/react-hooks/-/react-hooks-7.14.2.tgz",
			"integrity": "sha512-7KCHxXoZhdVDfPY+ZF7+FGh7sD5naDyDE2uOos+kaRg10iuOhz/9QPLsZAIqMDpDS/l5G5DGv4EAgBaiEZbs6Q==",
			"dev": true,
			"requires": {
				"@fluentui/react-window-provider": "^1.0.3",
				"@uifabric/set-version": "^7.0.24",
				"@uifabric/utilities": "^7.34.1",
				"tslib": "^1.10.0"
			},
			"dependencies": {
				"tslib": {
					"version": "1.14.1",
					"resolved": "https://registry.npmjs.org/tslib/-/tslib-1.14.1.tgz",
					"integrity": "sha512-Xni35NKzjgMrwevysHTCArtLDpPvye8zV/0E4EyYn43P7/7qvQwPh9BGkHewbMulVntbigmcT7rdX3BNo9wRJg==",
					"dev": true
				}
			}
		},
		"@uifabric/set-version": {
			"version": "7.0.24",
			"resolved": "https://registry.npmjs.org/@uifabric/set-version/-/set-version-7.0.24.tgz",
			"integrity": "sha512-t0Pt21dRqdC707/ConVJC0WvcQ/KF7tKLU8AZY7YdjgJpMHi1c0C427DB4jfUY19I92f60LOQyhJ4efH+KpFEg==",
			"dev": true,
			"requires": {
				"tslib": "^1.10.0"
			},
			"dependencies": {
				"tslib": {
					"version": "1.14.1",
					"resolved": "https://registry.npmjs.org/tslib/-/tslib-1.14.1.tgz",
					"integrity": "sha512-Xni35NKzjgMrwevysHTCArtLDpPvye8zV/0E4EyYn43P7/7qvQwPh9BGkHewbMulVntbigmcT7rdX3BNo9wRJg==",
					"dev": true
				}
			}
		},
		"@uifabric/styling": {
			"version": "7.20.2",
			"resolved": "https://registry.npmjs.org/@uifabric/styling/-/styling-7.20.2.tgz",
			"integrity": "sha512-FiGdeTsfJAs8qrqU2aLx70C2MT8YsjraMzr0HSiXKFQ2/LM4hwAYpbC41NIHzUemm63uA8NJRLHJlSv3S7V2SQ==",
			"dev": true,
			"requires": {
				"@fluentui/theme": "^1.7.6",
				"@microsoft/load-themed-styles": "^1.10.26",
				"@uifabric/merge-styles": "^7.19.2",
				"@uifabric/set-version": "^7.0.24",
				"@uifabric/utilities": "^7.34.1",
				"tslib": "^1.10.0"
			},
			"dependencies": {
				"tslib": {
					"version": "1.14.1",
					"resolved": "https://registry.npmjs.org/tslib/-/tslib-1.14.1.tgz",
					"integrity": "sha512-Xni35NKzjgMrwevysHTCArtLDpPvye8zV/0E4EyYn43P7/7qvQwPh9BGkHewbMulVntbigmcT7rdX3BNo9wRJg==",
					"dev": true
				}
			}
		},
		"@uifabric/utilities": {
			"version": "7.34.1",
			"resolved": "https://registry.npmjs.org/@uifabric/utilities/-/utilities-7.34.1.tgz",
			"integrity": "sha512-gmQ94x/wj/my7zByFMXapLF5jDmRugWuBngx6gdvnw9rRme0YoN0G3S47vr3aw6ZTsXEnb6SJFnbtVyAGMmZRg==",
			"dev": true,
			"requires": {
				"@fluentui/dom-utilities": "^1.1.2",
				"@uifabric/merge-styles": "^7.19.2",
				"@uifabric/set-version": "^7.0.24",
				"prop-types": "^15.7.2",
				"tslib": "^1.10.0"
			},
			"dependencies": {
				"tslib": {
					"version": "1.14.1",
					"resolved": "https://registry.npmjs.org/tslib/-/tslib-1.14.1.tgz",
					"integrity": "sha512-Xni35NKzjgMrwevysHTCArtLDpPvye8zV/0E4EyYn43P7/7qvQwPh9BGkHewbMulVntbigmcT7rdX3BNo9wRJg==",
					"dev": true
				}
			}
		},
		"acorn": {
			"version": "8.7.0",
			"resolved": "https://registry.npmjs.org/acorn/-/acorn-8.7.0.tgz",
			"integrity": "sha512-V/LGr1APy+PXIwKebEWrkZPwoeoF+w1jiOBUmuxuiUIaOHtob8Qc9BTrYo7VuI5fR8tqsy+buA2WFooR5olqvQ==",
			"dev": true
		},
		"acorn-walk": {
			"version": "8.2.0",
			"resolved": "https://registry.npmjs.org/acorn-walk/-/acorn-walk-8.2.0.tgz",
			"integrity": "sha512-k+iyHEuPgSw6SbuDpGQM+06HQUa04DZ3o+F6CSzXMvvI5KMvnaEqXe+YVe555R9nn6GPt404fos4wcgpw12SDA==",
			"dev": true
		},
		"ajv": {
			"version": "6.12.6",
			"resolved": "https://registry.npmjs.org/ajv/-/ajv-6.12.6.tgz",
			"integrity": "sha512-j3fVLgvTo527anyYyJOGTYJbG+vnnQYvE0m5mmkc1TK+nxAppkCLMIL0aZ4dblVCNoGShhm+kzE4ZUykBoMg4g==",
			"requires": {
				"fast-deep-equal": "^3.1.1",
				"fast-json-stable-stringify": "^2.0.0",
				"json-schema-traverse": "^0.4.1",
				"uri-js": "^4.2.2"
			}
		},
		"arg": {
			"version": "4.1.3",
			"resolved": "https://registry.npmjs.org/arg/-/arg-4.1.3.tgz",
			"integrity": "sha512-58S9QDqG0Xx27YwPSt9fJxivjYl432YCwfDMfZ+71RAqUrZef7LrKQZ3LHLOwCS4FLNBplP533Zx895SeOCHvA==",
			"dev": true
		},
		"create-require": {
			"version": "1.1.1",
			"resolved": "https://registry.npmjs.org/create-require/-/create-require-1.1.1.tgz",
			"integrity": "sha512-dcKFX3jn0MpIaXjisoRvexIJVEKzaq7z2rZKxf+MSr9TkdmHmsU4m2lcLojrj/FHl8mk5VxMmYA+ftRkP/3oKQ==",
			"dev": true
		},
		"debug": {
			"version": "4.3.3",
			"resolved": "https://registry.npmjs.org/debug/-/debug-4.3.3.tgz",
			"integrity": "sha512-/zxw5+vh1Tfv+4Qn7a5nsbcJKPaSvCDhojn6FEl9vupwK2VCSDtEiEtqr8DFtzYFOdz63LBkxec7DYuc2jon6Q==",
			"requires": {
				"ms": "2.1.2"
			}
		},
		"diff": {
			"version": "4.0.2",
			"resolved": "https://registry.npmjs.org/diff/-/diff-4.0.2.tgz",
			"integrity": "sha512-58lmxKSA4BNyLz+HHMUzlOEpg09FV+ev6ZMe3vJihgdxzgcwZ8VoEEPmALCZG9LmqfVoNMMKpttIYTVG6uDY7A==",
			"dev": true
		},
		"exenv-es6": {
			"version": "1.1.1",
			"resolved": "https://registry.npmjs.org/exenv-es6/-/exenv-es6-1.1.1.tgz",
			"integrity": "sha512-vlVu3N8d6yEMpMsEm+7sUBAI81aqYYuEvfK0jNqmdb/OPXzzH7QWDDnVjMvDSY47JdHEqx/dfC/q8WkfoTmpGQ=="
		},
		"fast-deep-equal": {
			"version": "3.1.3",
			"resolved": "https://registry.npmjs.org/fast-deep-equal/-/fast-deep-equal-3.1.3.tgz",
			"integrity": "sha512-f3qQ9oQy9j2AhBe/H9VC91wLmKBCCU/gDOnKNAYG5hswO7BLKj09Hc5HYNz9cGI++xlpDCIgDaitVs03ATR84Q=="
		},
		"fast-json-stable-stringify": {
			"version": "2.1.0",
			"resolved": "https://registry.npmjs.org/fast-json-stable-stringify/-/fast-json-stable-stringify-2.1.0.tgz",
			"integrity": "sha512-lhd/wF+Lk98HZoTCtlVraHtfh5XYijIjalXck7saUtuanSDyLMxnHhSXEDJqHxD7msR8D0uCmqlkwjCV8xvwHw=="
		},
		"function-bind": {
			"version": "1.1.1",
			"resolved": "https://registry.npmjs.org/function-bind/-/function-bind-1.1.1.tgz",
			"integrity": "sha512-yIovAzMX49sF8Yl58fSCWJ5svSLuaibPxXQJFLmBObTuCr0Mf1KiPopGM9NiFjiYBCbfaa2Fh6breQ6ANVTI0A=="
		},
		"has": {
			"version": "1.0.3",
			"resolved": "https://registry.npmjs.org/has/-/has-1.0.3.tgz",
			"integrity": "sha512-f2dvO0VU6Oej7RkWJGrehjbzMAjFp5/VKPp5tTpWIV4JHHZK1/BxbFRtf/siA2SWTe09caDmVtYYzWEIbBS4zw==",
			"requires": {
				"function-bind": "^1.1.1"
			}
		},
		"idb": {
			"version": "6.0.0",
			"resolved": "https://registry.npmjs.org/idb/-/idb-6.0.0.tgz",
			"integrity": "sha512-+M367poGtpzAylX4pwcrZIa7cFQLfNkAOlMMLN2kw/2jGfJP6h+TB/unQNSVYwNtP8XqkLYrfuiVnxLQNP1tjA=="
		},
		"is-core-module": {
			"version": "2.9.0",
			"resolved": "https://registry.npmjs.org/is-core-module/-/is-core-module-2.9.0.tgz",
			"integrity": "sha512-+5FPy5PnwmO3lvfMb0AsoPaBG+5KHUI0wYFXOtYPnVVVspTFUuMZNfNaNVRt3FZadstu2c8x23vykRW/NBoU6A==",
			"requires": {
				"has": "^1.0.3"
			}
		},
		"jju": {
			"version": "1.4.0",
			"resolved": "https://registry.npmjs.org/jju/-/jju-1.4.0.tgz",
			"integrity": "sha1-o6vicYryQaKykE+EpiWXDzia4yo="
		},
		"js-tokens": {
			"version": "4.0.0",
			"resolved": "https://registry.npmjs.org/js-tokens/-/js-tokens-4.0.0.tgz",
			"integrity": "sha512-RdJUflcE3cUzKiMqQgsCu06FPu9UdIJO0beYbPhHN4k6apgJtifcoCtT9bcxOpYBtpD2kCM6Sbzg4CausW/PKQ==",
			"dev": true
		},
		"json-schema-traverse": {
			"version": "0.4.1",
			"resolved": "https://registry.npmjs.org/json-schema-traverse/-/json-schema-traverse-0.4.1.tgz",
			"integrity": "sha512-xbbCH5dCYU5T8LcEhhuh7HJ88HXuW3qsI3Y0zOZFKfZEHcpWiHU/Jxzk629Brsab/mMiHQti9wMP+845RPe3Vg=="
		},
		"lit-element": {
			"version": "2.5.1",
			"resolved": "https://registry.npmjs.org/lit-element/-/lit-element-2.5.1.tgz",
			"integrity": "sha512-ogu7PiJTA33bEK0xGu1dmaX5vhcRjBXCFexPja0e7P7jqLhTpNKYRPmE+GmiCaRVAbiQKGkUgkh/i6+bh++dPQ==",
			"requires": {
				"lit-html": "^1.1.1"
			}
		},
		"lit-html": {
			"version": "1.4.1",
			"resolved": "https://registry.npmjs.org/lit-html/-/lit-html-1.4.1.tgz",
			"integrity": "sha512-B9btcSgPYb1q4oSOb/PrOT6Z/H+r6xuNzfH4lFli/AWhYwdtrgQkQWBbIc6mdnf6E2IL3gDXdkkqNktpU0OZQA=="
		},
		"lodash-es": {
			"version": "4.17.21",
			"resolved": "https://registry.npmjs.org/lodash-es/-/lodash-es-4.17.21.tgz",
			"integrity": "sha512-mKnC+QJ9pWVzv+C4/U3rRsHapFfHvQFoFB92e52xeyGMcX6/OlIl78je1u8vePzYZSkkogMPJ2yjxxsb89cxyw=="
		},
		"loose-envify": {
			"version": "1.4.0",
			"resolved": "https://registry.npmjs.org/loose-envify/-/loose-envify-1.4.0.tgz",
			"integrity": "sha512-lyuxPGr/Wfhrlem2CL/UcnUc1zcqKAImBDzukY7Y5F/yQiNdko6+fRLevlw1HgMySw7f611UIY408EtxRSoK3Q==",
			"dev": true,
			"requires": {
				"js-tokens": "^3.0.0 || ^4.0.0"
			}
		},
		"make-error": {
			"version": "1.3.6",
			"resolved": "https://registry.npmjs.org/make-error/-/make-error-1.3.6.tgz",
			"integrity": "sha512-s8UhlNe7vPKomQhC1qFelMokr/Sc3AgNbso3n74mVPA5LTZwkB9NlXf4XPamLxJE8h0gh73rM94xvwRT2CVInw==",
			"dev": true
		},
		"ms": {
			"version": "2.1.2",
			"resolved": "https://registry.npmjs.org/ms/-/ms-2.1.2.tgz",
			"integrity": "sha512-sGkPx+VjMtmA6MX27oA4FBFELFCZZ4S4XqeGOXCv68tT+jb3vk/RyaKWP0PTKyWtmLSM0b+adUTEvbs1PEaH2w=="
		},
		"msal": {
			"version": "1.4.16",
			"resolved": "https://registry.npmjs.org/msal/-/msal-1.4.16.tgz",
			"integrity": "sha512-Q6jIV5RG6mD9O0bzZrR/f8v5QikrVWU0sccwOyqWE1xlBkKYVKRa/L8Gxt1X58M+J/N9V0JskhvO4KIfRHlE8g==",
			"requires": {
				"tslib": "^1.9.3"
			},
			"dependencies": {
				"tslib": {
					"version": "1.14.1",
					"resolved": "https://registry.npmjs.org/tslib/-/tslib-1.14.1.tgz",
					"integrity": "sha512-Xni35NKzjgMrwevysHTCArtLDpPvye8zV/0E4EyYn43P7/7qvQwPh9BGkHewbMulVntbigmcT7rdX3BNo9wRJg=="
				}
			}
		},
		"object-assign": {
			"version": "4.1.1",
			"resolved": "https://registry.npmjs.org/object-assign/-/object-assign-4.1.1.tgz",
			"integrity": "sha1-IQmtx5ZYh8/AXLvUQsrIv7s2CGM=",
			"dev": true
		},
		"office-ui-fabric-core": {
			"version": "11.0.0",
			"resolved": "https://registry.npmjs.org/office-ui-fabric-core/-/office-ui-fabric-core-11.0.0.tgz",
			"integrity": "sha512-K6+KGnBXXjfSxxZpp+4oDXVLgUc//7OnXrn8F08VoJnGhEz27WUf4ZuMa32SjGoqirWlb4JlKkXbOpC9cis6dQ=="
		},
		"office-ui-fabric-react": {
			"version": "7.185.3",
			"dev": true,
			"requires": {
				"@fluentui/date-time-utilities": "^7.9.1",
				"@fluentui/react-focus": "^7.18.3",
				"@fluentui/react-window-provider": "^1.0.2",
				"@microsoft/load-themed-styles": "^1.10.26",
				"@uifabric/foundation": "^7.10.2",
				"@uifabric/icons": "^7.7.0",
				"@uifabric/merge-styles": "^7.19.2",
				"@uifabric/react-hooks": "^7.14.1",
				"@uifabric/set-version": "^7.0.24",
				"@uifabric/styling": "^7.20.1",
				"@uifabric/utilities": "^7.34.0",
				"prop-types": "^15.7.2",
				"tslib": "^1.10.0"
			},
			"dependencies": {
				"tslib": {
					"version": "1.14.1",
					"resolved": "https://registry.npmjs.org/tslib/-/tslib-1.14.1.tgz",
					"integrity": "sha512-Xni35NKzjgMrwevysHTCArtLDpPvye8zV/0E4EyYn43P7/7qvQwPh9BGkHewbMulVntbigmcT7rdX3BNo9wRJg==",
					"dev": true
				}
			}
		},
		"path-parse": {
			"version": "1.0.7",
			"resolved": "https://registry.npmjs.org/path-parse/-/path-parse-1.0.7.tgz",
			"integrity": "sha512-LDJzPVEEEPR+y48z93A0Ed0yXb8pAByGWo/k5YYdYgpY2/2EsOsksJrq7lOHxryrVOn1ejG6oAp8ahvOIQD8sw=="
		},
		"prop-types": {
			"version": "15.8.1",
			"resolved": "https://registry.npmjs.org/prop-types/-/prop-types-15.8.1.tgz",
			"integrity": "sha512-oj87CgZICdulUohogVAR7AjlC0327U4el4L6eAvOqCeudMDVU0NThNaV+b9Df4dXgSP1gXMTnPdhfe/2qDH5cg==",
			"dev": true,
			"requires": {
				"loose-envify": "^1.4.0",
				"object-assign": "^4.1.1",
				"react-is": "^16.13.1"
			}
		},
		"punycode": {
			"version": "2.1.1",
			"resolved": "https://registry.npmjs.org/punycode/-/punycode-2.1.1.tgz",
			"integrity": "sha512-XRsRjdf+j5ml+y/6GKHPZbrF/8p2Yga0JPtdqTIY2Xe5ohJPD9saDJJLPvp9+NSBprVvevdXZybnj2cv8OEd0A=="
		},
		"react-is": {
			"version": "16.13.1",
			"resolved": "https://registry.npmjs.org/react-is/-/react-is-16.13.1.tgz",
			"integrity": "sha512-24e6ynE2H+OKt4kqsOvNd8kBpV65zoxbA4BVsEOB3ARVWQki/DHzaUoC5KuON/BiccDaCCTZBuOcfZs70kR8bQ==",
			"dev": true
		},
		"regenerator-runtime": {
			"version": "0.13.9",
			"resolved": "https://registry.npmjs.org/regenerator-runtime/-/regenerator-runtime-0.13.9.tgz",
			"integrity": "sha512-p3VT+cOEgxFsRRA9X4lkI1E+k2/CtnKtU4gcxyaCUreilL/vqI6CdZ3wxVUx3UOUg+gnUOQQcRI7BmSI656MYA=="
		},
		"resolve": {
			"version": "1.19.0",
			"resolved": "https://registry.npmjs.org/resolve/-/resolve-1.19.0.tgz",
			"integrity": "sha512-rArEXAgsBG4UgRGcynxWIWKFvh/XZCcS8UJdHhwy91zwAvCZIbcs+vAbflgBnNjYMs/i/i+/Ux6IZhML1yPvxg==",
			"requires": {
				"is-core-module": "^2.1.0",
				"path-parse": "^1.0.6"
			}
		},
		"tabbable": {
			"version": "5.3.3",
			"resolved": "https://registry.npmjs.org/tabbable/-/tabbable-5.3.3.tgz",
			"integrity": "sha512-QD9qKY3StfbZqWOPLp0++pOrAVb/HbUi5xCc8cUo4XjP19808oaMiDzn0leBY5mCespIBM0CIZePzZjgzR83kA=="
		},
		"ts-node": {
			"version": "10.7.0",
			"dev": true,
			"requires": {
				"@cspotcode/source-map-support": "0.7.0",
				"@tsconfig/node10": "^1.0.7",
				"@tsconfig/node12": "^1.0.7",
				"@tsconfig/node14": "^1.0.0",
				"@tsconfig/node16": "^1.0.2",
				"acorn": "^8.4.1",
				"acorn-walk": "^8.1.1",
				"arg": "^4.1.0",
				"create-require": "^1.1.0",
				"diff": "^4.0.1",
				"make-error": "^1.1.1",
				"v8-compile-cache-lib": "^3.0.0",
				"yn": "3.1.1"
			}
		},
		"tslib": {
			"version": "2.4.0",
			"dev": true
		},
		"typescript": {
			"version": "4.6.3",
			"dev": true
		},
		"uri-js": {
			"version": "4.4.1",
			"resolved": "https://registry.npmjs.org/uri-js/-/uri-js-4.4.1.tgz",
			"integrity": "sha512-7rKUyy33Q1yc98pQ1DAmLtwX109F7TIfWlW1Ydo8Wl1ii1SeHieeh0HHfPeL2fMXK6z0s8ecKs9frCuLJvndBg==",
			"requires": {
				"punycode": "^2.1.0"
			}
		},
		"v8-compile-cache-lib": {
			"version": "3.0.1",
			"resolved": "https://registry.npmjs.org/v8-compile-cache-lib/-/v8-compile-cache-lib-3.0.1.tgz",
			"integrity": "sha512-wa7YjyUGfNZngI/vtK0UHAN+lgDCxBPCylVXGp0zu59Fz5aiGtNXaq3DhIov063MorB+VfufLh3JlF2KdTK3xg==",
			"dev": true
		},
		"yn": {
			"version": "3.1.1",
			"resolved": "https://registry.npmjs.org/yn/-/yn-3.1.1.tgz",
			"integrity": "sha512-Ux4ygGWsu2c7isFWe8Yu1YluJmqVhxqK2cLXNQA5AcC3QfbGNpM7fu0Y8b/z16pXLnFxZYvWhd3fhBY9DLmC6Q==",
			"dev": true
		}
	}
}
